# This file was autogenerated by Stack.
# You should not edit this file by hand.
# For more information, please see the documentation at:
#   https://docs.haskellstack.org/en/stable/lock_files

packages:
- completed:
    hackage: haskell-src-exts-simple-1.23.0.0@sha256:39c33878a46f43f3fe98399e9ff6385587aff3a174afbd2fc0d7684fd7215d6a,1524
    pantry-tree:
      sha256: 5a9438fa27178b9793a075e9a1364a64c797c77144bfb74ab0a4ce5c265a9c6a
      size: 841
  original:
    hackage: haskell-src-exts-simple-1.23.0.0@sha256:39c33878a46f43f3fe98399e9ff6385587aff3a174afbd2fc0d7684fd7215d6a,1524
snapshots:
- completed:
    sha256: bbf2be02f17940bac1f87cb462d4fb0c3355de6dcfc53d84f4f9ad3ee2164f65
    size: 616897
    url: https://raw.githubusercontent.com/commercialhaskell/stackage-snapshots/master/lts/19/0.yaml
  original: lts-19.0
